{
  "name": "@n3rd1n/unused-files-seeker",
  "version": "4.3.0",
  "lockfileVersion": 3,
  "requires": true,
  "packages": {
    "": {
      "name": "@n3rd1n/unused-files-seeker",
      "version": "4.3.0",
      "license": "MIT",
      "dependencies": {
        "oxc-parser": "^0.148.0"
      },
      "bin": {
        "unused-files-seeker": "dist/cli.js"
      },
      "devDependencies": {
        "@types/node": "^24.9.1",
        "prettier": "^3.9.6",
        "typescript": "^5.0.0"
      },
      "engines": {
        "node": "^20.19.0 || >=22.12.0"
      }
    },
    "node_modules/@oxc-parser/binding-android-arm-eabi": {
      "version": "0.148.0",
      "resolved": "https://registry.npmjs.org/@oxc-parser/binding-android-arm-eabi/-/binding-android-arm-eabi-0.148.0.tgz",
      "integrity": "sha512-pHASv9g5pASxb7akHERZNSkrEqPhFaUix98o7d9hbTpolnnFWl7UiRrcMhCsV1+iVO4/cJwKsbKRJTFNs2tdBQ==",
      "cpu": [
        "arm"
      ],
      "license": "MIT",
      "optional": true,
      "os": [
        "android"
      ],
      "engines": {
        "node": "^20.19.0 || >=22.12.0"
      }
    },
    "node_modules/@oxc-parser/binding-android-arm64": {
      "version": "0.148.0",
      "resolved": "https://registry.npmjs.org/@oxc-parser/binding-android-arm64/-/binding-android-arm64-0.148.0.tgz",
      "integrity": "sha512-sg/6Ez0KdAygsu0POELux9wN1Po2CP93WY8eNl4DBKIGprsd4QSHBXOb471Pu9i2OCD5sLkISSb2agZEhVn2Zw==",
      "cpu": [
        "arm64"
      ],
      "license": "MIT",
      "optional": true,
      "os": [
        "android"
      ],
      "engines": {
        "node": "^20.19.0 || >=22.12.0"
      }
    },
    "node_modules/@oxc-parser/binding-darwin-arm64": {
      "version": "0.148.0",
      "resolved": "https://registry.npmjs.org/@oxc-parser/binding-darwin-arm64/-/binding-darwin-arm64-0.148.0.tgz",
      "integrity": "sha512-yiSJmzGUvCUaJT8X3j40gVcX+ckuHQMuiOtF8DvzTs5+JtB/7XuHFPp4M+vv5u+HlBtDUd4Ks5pyHpWz8mfnkg==",
      "cpu": [
        "arm64"
      ],
      "license": "MIT",
      "optional": true,
      "os": [
        "darwin"
      ],
      "engines": {
        "node": "^20.19.0 || >=22.12.0"
      }
    },
    "node_modules/@oxc-parser/binding-darwin-x64": {
      "version": "0.148.0",
      "resolved": "https://registry.npmjs.org/@oxc-parser/binding-darwin-x64/-/binding-darwin-x64-0.148.0.tgz",
      "integrity": "sha512-6ZeklaamrMy4H2JmhvcJg6iip59tYILtuLaILxyAHT3l5FDxnI5ihVievAft5ZmAbqtlWHErOi1OpJK8gy1wcA==",
      "cpu": [
        "x64"
      ],
      "license": "MIT",
      "optional": true,
      "os": [
        "darwin"
      ],
      "engines": {
        "node": "^20.19.0 || >=22.12.0"
      }
    },
    "node_modules/@oxc-parser/binding-freebsd-x64": {
      "version": "0.148.0",
      "resolved": "https://registry.npmjs.org/@oxc-parser/binding-freebsd-x64/-/binding-freebsd-x64-0.148.0.tgz",
      "integrity": "sha512-vFsPx+a/qFECPnz/H8nC6x6MDvnWscLTCo/5muojEF54ERUq1kdgbvnWo95YnkhjF9sTIcG/uDxQBh1gffaufQ==",
      "cpu": [
        "x64"
      ],
      "license": "MIT",
      "optional": true,
      "os": [
        "freebsd"
      ],
      "engines": {
        "node": "^20.19.0 || >=22.12.0"
      }
    },
    "node_modules/@oxc-parser/binding-linux-arm-gnueabihf": {
      "version": "0.148.0",
      "resolved": "https://registry.npmjs.org/@oxc-parser/binding-linux-arm-gnueabihf/-/binding-linux-arm-gnueabihf-0.148.0.tgz",
      "integrity": "sha512-eOr3M+6iGbbxNL4PSS0VtsyQ2eOUxSBh00BqO22SbolDimPSYsBuLr/LCrZBkiqW2BoabhR6V4R8jrRAay7hjg==",
      "cpu": [
        "arm"
      ],
      "license": "MIT",
      "optional": true,
      "os": [
        "linux"
      ],
      "engines": {
        "node": "^20.19.0 || >=22.12.0"
      }
    },
    "node_modules/@oxc-parser/binding-linux-arm-musleabihf": {
      "version": "0.148.0",
      "resolved": "https://registry.npmjs.org/@oxc-parser/binding-linux-arm-musleabihf/-/binding-linux-arm-musleabihf-0.148.0.tgz",
      "integrity": "sha512-58ZKDw0mQRbCNfrd2IDyV4o8T7enzGERJn41BH2tjrZVGyiKiFzcfDicuB7Zcpb/1xIOrObovr8Dja6lZi8dLw==",
      "cpu": [
        "arm"
      ],
      "license": "MIT",
      "optional": true,
      "os": [
        "linux"
      ],
      "engines": {
        "node": "^20.19.0 || >=22.12.0"
      }
    },
    "node_modules/@oxc-parser/binding-linux-arm64-gnu": {
      "version": "0.148.0",
      "resolved": "https://registry.npmjs.org/@oxc-parser/binding-linux-arm64-gnu/-/binding-linux-arm64-gnu-0.148.0.tgz",
      "integrity": "sha512-Fnu95O4eZ5i++GPvIzBEZ8y4ddTLR+D9paYa8JRaRk6ZK7nHQiWP5xtrhcPQsXqgat1d7sU/d5rbbI0p1FTHSQ==",
      "cpu": [
        "arm64"
      ],
      "license": "MIT",
      "optional": true,
      "os": [
        "linux"
      ],
      "engines": {
        "node": "^20.19.0 || >=22.12.0"
      }
    },
    "node_modules/@oxc-parser/binding-linux-arm64-musl": {
      "version": "0.148.0",
      "resolved": "https://registry.npmjs.org/@oxc-parser/binding-linux-arm64-musl/-/binding-linux-arm64-musl-0.148.0.tgz",
      "integrity": "sha512-3CQy/BMdx7N7H3qrcPxUL+a2CwUZodUcf6oq8iJuNZ9C6Ol1aq3mcWzsgySJ7CHFLvpX21ZDPp1r1X0QLbu/AQ==",
      "cpu": [
        "arm64"
      ],
      "license": "MIT",
      "optional": true,
      "os": [
        "linux"
      ],
      "engines": {
        "node": "^20.19.0 || >=22.12.0"
      }
    },
    "node_modules/@oxc-parser/binding-linux-ppc64-gnu": {
      "version": "0.148.0",
      "resolved": "https://registry.npmjs.org/@oxc-parser/binding-linux-ppc64-gnu/-/binding-linux-ppc64-gnu-0.148.0.tgz",
      "integrity": "sha512-9LkaYvfiF8hMOw900csAvkf1oxE8XlmMeGowu5BcastSSwV8mKvKRMNU7HsV+ycyj1dQD8pX5qgOw8ja6SJacg==",
      "cpu": [
        "ppc64"
      ],
      "license": "MIT",
      "optional": true,
      "os": [
        "linux"
      ],
      "engines": {
        "node": "^20.19.0 || >=22.12.0"
      }
    },
    "node_modules/@oxc-parser/binding-linux-riscv64-gnu": {
      "version": "0.148.0",
      "resolved": "https://registry.npmjs.org/@oxc-parser/binding-linux-riscv64-gnu/-/binding-linux-riscv64-gnu-0.148.0.tgz",
      "integrity": "sha512-2GBiM9h26dR4WJfhoMvnFMnFLf7m/kYs4UMqjvrOfQG4BV1nuTJDH22Zc2MQr3INZF7nSKYQ6xlhD3hQ7A6gug==",
      "cpu": [
        "riscv64"
      ],
      "license": "MIT",
      "optional": true,
      "os": [
        "linux"
      ],
      "engines": {
        "node": "^20.19.0 || >=22.12.0"
      }
    },
    "node_modules/@oxc-parser/binding-linux-riscv64-musl": {
      "version": "0.148.0",
      "resolved": "https://registry.npmjs.org/@oxc-parser/binding-linux-riscv64-musl/-/binding-linux-riscv64-musl-0.148.0.tgz",
      "integrity": "sha512-uPqZexvKJmEgq4mAu36qe2xTfXZE7oyik1R7KtZ5tl8qKlq1U1fIqTFRUEBZqRGvforoTrGIpatRzcoPKO66RA==",
      "cpu": [
        "riscv64"
      ],
      "license": "MIT",
      "optional": true,
      "os": [
        "linux"
      ],
      "engines": {
        "node": "^20.19.0 || >=22.12.0"
      }
    },
    "node_modules/@oxc-parser/binding-linux-s390x-gnu": {
      "version": "0.148.0",
      "resolved": "https://registry.npmjs.org/@oxc-parser/binding-linux-s390x-gnu/-/binding-linux-s390x-gnu-0.148.0.tgz",
      "integrity": "sha512-9oUHvnTbp7ZraFsTC8PN6XhdhPSSxZumYvixWl7Smi353gEULvK6yV0sXNVrdFMHQeaDKFCi8TgDhNK7/A+Y+Q==",
      "cpu": [
        "s390x"
      ],
      "license": "MIT",
      "optional": true,
      "os": [
        "linux"
      ],
      "engines": {
        "node": "^20.19.0 || >=22.12.0"
      }
    },
    "node_modules/@oxc-parser/binding-linux-x64-gnu": {
      "version": "0.148.0",
      "resolved": "https://registry.npmjs.org/@oxc-parser/binding-linux-x64-gnu/-/binding-linux-x64-gnu-0.148.0.tgz",
      "integrity": "sha512-2qhDSJwKzbSZzF7lDqqk8sr/yXsmwr3PeUa4/nazIF+zFAYz1gVPEfC34GQtGxzJUUmklaYAL63368LEfrMeyw==",
      "cpu": [
        "x64"
      ],
      "license": "MIT",
      "optional": true,
      "os": [
        "linux"
      ],
      "engines": {
        "node": "^20.19.0 || >=22.12.0"
      }
    },
    "node_modules/@oxc-parser/binding-linux-x64-musl": {
      "version": "0.148.0",
      "resolved": "https://registry.npmjs.org/@oxc-parser/binding-linux-x64-musl/-/binding-linux-x64-musl-0.148.0.tgz",
      "integrity": "sha512-qQoPDZUFV0bh9xA09XydmkjMBpgc1ukJuhMvzQ9QeVmFaHTS9W5TE5CoLmSl3QQyUP9OuHO3x/WPZTIIZPWR3Q==",
      "cpu": [
        "x64"
      ],
      "license": "MIT",
      "optional": true,
      "os": [
        "linux"
      ],
      "engines": {
        "node": "^20.19.0 || >=22.12.0"
      }
    },
    "node_modules/@oxc-parser/binding-openharmony-arm64": {
      "version": "0.148.0",
      "resolved": "https://registry.npmjs.org/@oxc-parser/binding-openharmony-arm64/-/binding-openharmony-arm64-0.148.0.tgz",
      "integrity": "sha512-1UGbaQWEXUCLqAmaR5kwRDjx/R4S5LQKZkM9CHmaHkuKhriOF32aRLfS0jCRNE2yGQJLMEA1z9UucbBVqjXnDw==",
      "cpu": [
        "arm64"
      ],
      "license": "MIT",
      "optional": true,
      "os": [
        "openharmony"
      ],
      "engines": {
        "node": "^20.19.0 || >=22.12.0"
      }
    },
    "node_modules/@oxc-parser/binding-win32-arm64-msvc": {
      "version": "0.148.0",
      "resolved": "https://registry.npmjs.org/@oxc-parser/binding-win32-arm64-msvc/-/binding-win32-arm64-msvc-0.148.0.tgz",
      "integrity": "sha512-pWKdzRDNG2+NK4h/V6U/CYERcfYD6u28h5IB/VJVsrZaD3muvE58tUj22lieL5vLZ+XFi1GPv9YXckZbJZ9BLA==",
      "cpu": [
        "arm64"
      ],
      "license": "MIT",
      "optional": true,
      "os": [
        "win32"
      ],
      "engines": {
        "node": "^20.19.0 || >=22.12.0"
      }
    },
    "node_modules/@oxc-parser/binding-win32-ia32-msvc": {
      "version": "0.148.0",
      "resolved": "https://registry.npmjs.org/@oxc-parser/binding-win32-ia32-msvc/-/binding-win32-ia32-msvc-0.148.0.tgz",
      "integrity": "sha512-i3p4x+mvwtjcE1J5HM6V7ggsbXiznExN/4MkNyOy3dfXrVV3bnkSfmZxvo6/84qCVX4ShkpNE1SKt9biIF31GQ==",
      "cpu": [
        "ia32"
      ],
      "license": "MIT",
      "optional": true,
      "os": [
        "win32"
      ],
      "engines": {
        "node": "^20.19.0 || >=22.12.0"
      }
    },
    "node_modules/@oxc-parser/binding-win32-x64-msvc": {
      "version": "0.148.0",
      "resolved": "https://registry.npmjs.org/@oxc-parser/binding-win32-x64-msvc/-/binding-win32-x64-msvc-0.148.0.tgz",
      "integrity": "sha512-Ye6vB7VQulghWYkYkECOBYFRVEizz4XyRTUAv+t8BuyurhKU7uD0P9eowL+mKG5Mf8MSYx+DI3Cm8SKZvYG7bQ==",
      "cpu": [
        "x64"
      ],
      "license": "MIT",
      "optional": true,
      "os": [
        "win32"
      ],
      "engines": {
        "node": "^20.19.0 || >=22.12.0"
      }
    },
    "node_modules/@oxc-project/types": {
      "version": "0.148.0",
      "resolved": "https://registry.npmjs.org/@oxc-project/types/-/types-0.148.0.tgz",
      "integrity": "sha512-Nm4s/jB+4FpFsPhWGEC4h7rzksesmtnMXomo6rCMcg/b8zLQuOziRgkCS1fxDCXOlJB/6Q8oABOZ/OP6RIPj9A==",
      "license": "MIT",
      "funding": {
        "url": "https://github.com/sponsors/oxc-project"
      }
    },
    "node_modules/@types/node": {
      "version": "24.10.4",
      "resolved": "https://registry.npmjs.org/@types/node/-/node-24.10.4.tgz",
      "integrity": "sha512-vnDVpYPMzs4wunl27jHrfmwojOGKya0xyM3sH+UE5iv5uPS6vX7UIoh6m+vQc5LGBq52HBKPIn/zcSZVzeDEZg==",
      "dev": true,
      "license": "MIT",
      "dependencies": {
        "undici-types": "~7.16.0"
      }
    },
    "node_modules/oxc-parser": {
      "version": "0.148.0",
      "resolved": "https://registry.npmjs.org/oxc-parser/-/oxc-parser-0.148.0.tgz",
      "integrity": "sha512-syxUKHeUll89RIABQADcI7sikYrwyssvA6gj4phSSIPezKVM8yMaLAiLLSc7fmzVvrwybfFGFbW5zme9sX87rg==",
      "license": "MIT",
      "dependencies": {
        "@oxc-project/types": "^0.148.0"
      },
      "engines": {
        "node": "^20.19.0 || >=22.12.0"
      },
      "funding": {
        "url": "https://github.com/sponsors/oxc-project"
      },
      "optionalDependencies": {
        "@oxc-parser/binding-android-arm-eabi": "0.148.0",
        "@oxc-parser/binding-android-arm64": "0.148.0",
        "@oxc-parser/binding-darwin-arm64": "0.148.0",
        "@oxc-parser/binding-darwin-x64": "0.148.0",
        "@oxc-parser/binding-freebsd-x64": "0.148.0",
        "@oxc-parser/binding-linux-arm-gnueabihf": "0.148.0",
        "@oxc-parser/binding-linux-arm-musleabihf": "0.148.0",
        "@oxc-parser/binding-linux-arm64-gnu": "0.148.0",
        "@oxc-parser/binding-linux-arm64-musl": "0.148.0",
        "@oxc-parser/binding-linux-ppc64-gnu": "0.148.0",
        "@oxc-parser/binding-linux-riscv64-gnu": "0.148.0",
        "@oxc-parser/binding-linux-riscv64-musl": "0.148.0",
        "@oxc-parser/binding-linux-s390x-gnu": "0.148.0",
        "@oxc-parser/binding-linux-x64-gnu": "0.148.0",
        "@oxc-parser/binding-linux-x64-musl": "0.148.0",
        "@oxc-parser/binding-openharmony-arm64": "0.148.0",
        "@oxc-parser/binding-win32-arm64-msvc": "0.148.0",
        "@oxc-parser/binding-win32-ia32-msvc": "0.148.0",
        "@oxc-parser/binding-win32-x64-msvc": "0.148.0"
      }
    },
    "node_modules/prettier": {
      "version": "3.9.6",
      "resolved": "https://registry.npmjs.org/prettier/-/prettier-3.9.6.tgz",
      "integrity": "sha512-OpN0zzVdiaiAhxpuuj5efpIS4sY9j7bY6uR5mnj5yPzGkdkjNKSJeUThPb60Jw29QuAZgA4o+/iB49kFiaBX6g==",
      "dev": true,
      "license": "MIT",
      "bin": {
        "prettier": "bin/prettier.cjs"
      },
      "engines": {
        "node": ">=14"
      },
      "funding": {
        "url": "https://github.com/prettier/prettier?sponsor=1"
      }
    },
    "node_modules/typescript": {
      "version": "5.9.3",
      "resolved": "https://registry.npmjs.org/typescript/-/typescript-5.9.3.tgz",
      "integrity": "sha512-jl1vZzPDinLr9eUt3J/t7V6FgNEw9QjvBPdysz9KfQDD41fQrC2Y4vKQdiaUpFT4bXlb1RHhLpp8wtm6M5TgSw==",
      "dev": true,
      "license": "Apache-2.0",
      "bin": {
        "tsc": "bin/tsc",
        "tsserver": "bin/tsserver"
      },
      "engines": {
        "node": ">=14.17"
      }
    },
    "node_modules/undici-types": {
      "version": "7.16.0",
      "resolved": "https://registry.npmjs.org/undici-types/-/undici-types-7.16.0.tgz",
      "integrity": "sha512-Zz+aZWSj8LE6zoxD+xrjh4VfkIG8Ya6LvYkZqtUQGJPZjYl53ypCaUwWqo7eI0x66KBGeRo+mlBEkMSeSZ38Nw==",
      "dev": true,
      "license": "MIT"
    }
  }
}
